// !$*UTF8*$!
{
	archiveVersion = 1;
	classes = {
	};
	objectVersion = 56;
	objects = {

/* Begin PBXBuildFile section */
		CE7C707E2BC8C6D800B3C0C2 /* UITests.swift in Sources */ = {isa = PBXBuildFile; fileRef = CE7C707D2BC8C6D800B3C0C2 /* UITests.swift */; };
		CE7C70802BC8C6D800B3C0C2 /* UITestsLaunchTests.swift in Sources */ = {isa = PBXBuildFile; fileRef = CE7C707F2BC8C6D800B3C0C2 /* UITestsLaunchTests.swift */; };
		CE7C708D2BC8C6FE00B3C0C2 /* UnitTests.swift in Sources */ = {isa = PBXBuildFile; fileRef = CE7C708C2BC8C6FE00B3C0C2 /* UnitTests.swift */; };
		CEB03E8F2BC8B647009F2082 /* AsahiRestartHelperApp.swift in Sources */ = {isa = PBXBuildFile; fileRef = CEB03E8E2BC8B647009F2082 /* AsahiRestartHelperApp.swift */; };
		CEB03E932BC8B648009F2082 /* Assets.xcassets in Resources */ = {isa = PBXBuildFile; fileRef = CEB03E922BC8B648009F2082 /* Assets.xcassets */; };
		CEB03E962BC8B648009F2082 /* Preview Assets.xcassets in Resources */ = {isa = PBXBuildFile; fileRef = CEB03E952BC8B648009F2082 /* Preview Assets.xcassets */; };
		CEB03EA02BC8B810009F2082 /* AppDelegate.swift in Sources */ = {isa = PBXBuildFile; fileRef = CEB03E9F2BC8B810009F2082 /* AppDelegate.swift */; };
/* End PBXBuildFile section */

/* Begin PBXContainerItemProxy section */
		CE7C70812BC8C6D800B3C0C2 /* PBXContainerItemProxy */ = {
			isa = PBXContainerItemProxy;
			containerPortal = CEB03E832BC8B647009F2082 /* Project object */;
			proxyType = 1;
			remoteGlobalIDString = CEB03E8A2BC8B647009F2082;
			remoteInfo = "Asahi Restart Helper";
		};
		CE7C708E2BC8C6FE00B3C0C2 /* PBXContainerItemProxy */ = {
			isa = PBXContainerItemProxy;
			containerPortal = CEB03E832BC8B647009F2082 /* Project object */;
			proxyType = 1;
			remoteGlobalIDString = CEB03E8A2BC8B647009F2082;
			remoteInfo = "Asahi Restart Helper";
		};
/* End PBXContainerItemProxy section */

/* Begin PBXFileReference section */
		CE7C70762BC8C56200B3C0C2 /* Asahi-Restart-Helper-Info.plist */ = {isa = PBXFileReference; lastKnownFileType = text.plist; path = "Asahi-Restart-Helper-Info.plist"; sourceTree = SOURCE_ROOT; };
		CE7C707B2BC8C6D800B3C0C2 /* UITests.xctest */ = {isa = PBXFileReference; explicitFileType = wrapper.cfbundle; includeInIndex = 0; path = UITests.xctest; sourceTree = BUILT_PRODUCTS_DIR; };
		CE7C707D2BC8C6D800B3C0C2 /* UITests.swift */ = {isa = PBXFileReference; lastKnownFileType = sourcecode.swift; path = UITests.swift; sourceTree = "<group>"; };
		CE7C707F2BC8C6D800B3C0C2 /* UITestsLaunchTests.swift */ = {isa = PBXFileReference; lastKnownFileType = sourcecode.swift; path = UITestsLaunchTests.swift; sourceTree = "<group>"; };
		CE7C708A2BC8C6FE00B3C0C2 /* UnitTests.xctest */ = {isa = PBXFileReference; explicitFileType = wrapper.cfbundle; includeInIndex = 0; path = UnitTests.xctest; sourceTree = BUILT_PRODUCTS_DIR; };
		CE7C708C2BC8C6FE00B3C0C2 /* UnitTests.swift */ = {isa = PBXFileReference; lastKnownFileType = sourcecode.swift; path = UnitTests.swift; sourceTree = "<group>"; };
		CEB03E8B2BC8B647009F2082 /* Asahi Restart Helper.app */ = {isa = PBXFileReference; explicitFileType = wrapper.application; includeInIndex = 0; path = "Asahi Restart Helper.app"; sourceTree = BUILT_PRODUCTS_DIR; };
		CEB03E8E2BC8B647009F2082 /* AsahiRestartHelperApp.swift */ = {isa = PBXFileReference; lastKnownFileType = sourcecode.swift; path = AsahiRestartHelperApp.swift; sourceTree = "<group>"; };
		CEB03E922BC8B648009F2082 /* Assets.xcassets */ = {isa = PBXFileReference; lastKnownFileType = folder.assetcatalog; path = Assets.xcassets; sourceTree = "<group>"; };
		CEB03E952BC8B648009F2082 /* Preview Assets.xcassets */ = {isa = PBXFileReference; lastKnownFileType = folder.assetcatalog; path = "Preview Assets.xcassets"; sourceTree = "<group>"; };
		CEB03E972BC8B648009F2082 /* Asahi_Restart_Helper.entitlements */ = {isa = PBXFileReference; lastKnownFileType = text.plist.entitlements; path = Asahi_Restart_Helper.entitlements; sourceTree = "<group>"; };
		CEB03E9F2BC8B810009F2082 /* AppDelegate.swift */ = {isa = PBXFileReference; lastKnownFileType = sourcecode.swift; path = AppDelegate.swift; sourceTree = "<group>"; };
/* End PBXFileReference section */

/* Begin PBXFrameworksBuildPhase section */
		CE7C70782BC8C6D800B3C0C2 /* Frameworks */ = {
			isa = PBXFrameworksBuildPhase;
			buildActionMask = 2147483647;
			files = (
			);
			runOnlyForDeploymentPostprocessing = 0;
		};
		CE7C70872BC8C6FE00B3C0C2 /* Frameworks */ = {
			isa = PBXFrameworksBuildPhase;
			buildActionMask = 2147483647;
			files = (
			);
			runOnlyForDeploymentPostprocessing = 0;
		};
		CEB03E882BC8B647009F2082 /* Frameworks */ = {
			isa = PBXFrameworksBuildPhase;
			buildActionMask = 2147483647;
			files = (
			);
			runOnlyForDeploymentPostprocessing = 0;
		};
/* End PBXFrameworksBuildPhase section */

/* Begin PBXGroup section */
		CE7C707C2BC8C6D800B3C0C2 /* UITests */ = {
			isa = PBXGroup;
			children = (
				CE7C707D2BC8C6D800B3C0C2 /* UITests.swift */,
				CE7C707F2BC8C6D800B3C0C2 /* UITestsLaunchTests.swift */,
			);
			path = UITests;
			sourceTree = "<group>";
		};
		CE7C708B2BC8C6FE00B3C0C2 /* UnitTests */ = {
			isa = PBXGroup;
			children = (
				CE7C708C2BC8C6FE00B3C0C2 /* UnitTests.swift */,
			);
			path = UnitTests;
			sourceTree = "<group>";
		};
		CEB03E822BC8B647009F2082 = {
			isa = PBXGroup;
			children = (
				CEB03E8D2BC8B647009F2082 /* Asahi Restart Helper */,
				CE7C707C2BC8C6D800B3C0C2 /* UITests */,
				CE7C708B2BC8C6FE00B3C0C2 /* UnitTests */,
				CEB03E8C2BC8B647009F2082 /* Products */,
			);
			sourceTree = "<group>";
		};
		CEB03E8C2BC8B647009F2082 /* Products */ = {
			isa = PBXGroup;
			children = (
				CEB03E8B2BC8B647009F2082 /* Asahi Restart Helper.app */,
				CE7C707B2BC8C6D800B3C0C2 /* UITests.xctest */,
				CE7C708A2BC8C6FE00B3C0C2 /* UnitTests.xctest */,
			);
			name = Products;
			sourceTree = "<group>";
		};
		CEB03E8D2BC8B647009F2082 /* Asahi Restart Helper */ = {
			isa = PBXGroup;
			children = (
				CE7C70762BC8C56200B3C0C2 /* Asahi-Restart-Helper-Info.plist */,
				CEB03E8E2BC8B647009F2082 /* AsahiRestartHelperApp.swift */,
				CEB03E9F2BC8B810009F2082 /* AppDelegate.swift */,
				CEB03E922BC8B648009F2082 /* Assets.xcassets */,
				CEB03E972BC8B648009F2082 /* Asahi_Restart_Helper.entitlements */,
				CEB03E942BC8B648009F2082 /* Preview Content */,
			);
			path = "Asahi Restart Helper";
			sourceTree = "<group>";
		};
		CEB03E942BC8B648009F2082 /* Preview Content */ = {
			isa = PBXGroup;
			children = (
				CEB03E952BC8B648009F2082 /* Preview Assets.xcassets */,
			);
			path = "Preview Content";
			sourceTree = "<group>";
		};
/* End PBXGroup section */

/* Begin PBXNativeTarget section */
		CE7C707A2BC8C6D800B3C0C2 /* UITests */ = {
			isa = PBXNativeTarget;
			buildConfigurationList = CE7C70832BC8C6D800B3C0C2 /* Build configuration list for PBXNativeTarget "UITests" */;
			buildPhases = (
				CE7C70772BC8C6D800B3C0C2 /* Sources */,
				CE7C70782BC8C6D800B3C0C2 /* Frameworks */,
				CE7C70792BC8C6D800B3C0C2 /* Resources */,
			);
			buildRules = (
			);
			dependencies = (
				CE7C70822BC8C6D800B3C0C2 /* PBXTargetDependency */,
			);
			name = UITests;
			productName = UITests;
			productReference = CE7C707B2BC8C6D800B3C0C2 /* UITests.xctest */;
			productType = "com.apple.product-type.bundle.ui-testing";
		};
		CE7C70892BC8C6FE00B3C0C2 /* UnitTests */ = {
			isa = PBXNativeTarget;
			buildConfigurationList = CE7C70902BC8C6FE00B3C0C2 /* Build configuration list for PBXNativeTarget "UnitTests" */;
			buildPhases = (
				CE7C70862BC8C6FE00B3C0C2 /* Sources */,
				CE7C70872BC8C6FE00B3C0C2 /* Frameworks */,
				CE7C70882BC8C6FE00B3C0C2 /* Resources */,
			);
			buildRules = (
			);
			dependencies = (
				CE7C708F2BC8C6FE00B3C0C2 /* PBXTargetDependency */,
			);
			name = UnitTests;
			productName = UnitTests;
			productReference = CE7C708A2BC8C6FE00B3C0C2 /* UnitTests.xctest */;
			productType = "com.apple.product-type.bundle.unit-test";
		};
		CEB03E8A2BC8B647009F2082 /* Asahi Restart Helper */ = {
			isa = PBXNativeTarget;
			buildConfigurationList = CEB03E9A2BC8B648009F2082 /* Build configuration list for PBXNativeTarget "Asahi Restart Helper" */;
			buildPhases = (
				CEB03E872BC8B647009F2082 /* Sources */,
				CEB03E882BC8B647009F2082 /* Frameworks */,
				CEB03E892BC8B647009F2082 /* Resources */,
			);
			buildRules = (
			);
			dependencies = (
			);
			name = "Asahi Restart Helper";
			productName = "Asahi Restart Helper";
			productReference = CEB03E8B2BC8B647009F2082 /* Asahi Restart Helper.app */;
			productType = "com.apple.product-type.application";
		};
/* End PBXNativeTarget section */

/* Begin PBXProject section */
		CEB03E832BC8B647009F2082 /* Project object */ = {
			isa = PBXProject;
			attributes = {
				BuildIndependentTargetsInParallel = 1;
				LastSwiftUpdateCheck = 1530;
				LastUpgradeCheck = 1530;
				TargetAttributes = {
					CE7C707A2BC8C6D800B3C0C2 = {
						CreatedOnToolsVersion = 15.3;
						TestTargetID = CEB03E8A2BC8B647009F2082;
					};
					CE7C70892BC8C6FE00B3C0C2 = {
						CreatedOnToolsVersion = 15.3;
						TestTargetID = CEB03E8A2BC8B647009F2082;
					};
					CEB03E8A2BC8B647009F2082 = {
						CreatedOnToolsVersion = 15.3;
					};
				};
			};
			buildConfigurationList = CEB03E862BC8B647009F2082 /* Build configuration list for PBXProject "Asahi Restart Helper" */;
			compatibilityVersion = "Xcode 14.0";
			developmentRegion = en;
			hasScannedForEncodings = 0;
			knownRegions = (
				en,
				Base,
			);
			mainGroup = CEB03E822BC8B647009F2082;
			productRefGroup = CEB03E8C2BC8B647009F2082 /* Products */;
			projectDirPath = "";
			projectRoot = "";
			targets = (
				CEB03E8A2BC8B647009F2082 /* Asahi Restart Helper */,
				CE7C707A2BC8C6D800B3C0C2 /* UITests */,
				CE7C70892BC8C6FE00B3C0C2 /* UnitTests */,
			);
		};
/* End PBXProject section */

/* Begin PBXResourcesBuildPhase section */
		CE7C70792BC8C6D800B3C0C2 /* Resources */ = {
			isa = PBXResourcesBuildPhase;
			buildActionMask = 2147483647;
			files = (
			);
			runOnlyForDeploymentPostprocessing = 0;
		};
		CE7C70882BC8C6FE00B3C0C2 /* Resources */ = {
			isa = PBXResourcesBuildPhase;
			buildActionMask = 2147483647;
			files = (
			);
			runOnlyForDeploymentPostprocessing = 0;
		};
		CEB03E892BC8B647009F2082 /* Resources */ = {
			isa = PBXResourcesBuildPhase;
			buildActionMask = 2147483647;
			files = (
				CEB03E962BC8B648009F2082 /* Preview Assets.xcassets in Resources */,
				CEB03E932BC8B648009F2082 /* Assets.xcassets in Resources */,
			);
			runOnlyForDeploymentPostprocessing = 0;
		};
/* End PBXResourcesBuildPhase section */

/* Begin PBXSourcesBuildPhase section */
		CE7C70772BC8C6D800B3C0C2 /* Sources */ = {
			isa = PBXSourcesBuildPhase;
			buildActionMask = 2147483647;
			files = (
				CE7C70802BC8C6D800B3C0C2 /* UITestsLaunchTests.swift in Sources */,
				CE7C707E2BC8C6D800B3C0C2 /* UITests.swift in Sources */,
			);
			runOnlyForDeploymentPostprocessing = 0;
		};
		CE7C70862BC8C6FE00B3C0C2 /* Sources */ = {
			isa = PBXSourcesBuildPhase;
			buildActionMask = 2147483647;
			files = (
				CE7C708D2BC8C6FE00B3C0C2 /* UnitTests.swift in Sources */,
			);
			runOnlyForDeploymentPostprocessing = 0;
		};
		CEB03E872BC8B647009F2082 /* Sources */ = {
			isa = PBXSourcesBuildPhase;
			buildActionMask = 2147483647;
			files = (
				CEB03EA02BC8B810009F2082 /* AppDelegate.swift in Sources */,
				CEB03E8F2BC8B647009F2082 /* AsahiRestartHelperApp.swift in Sources */,
			);
			runOnlyForDeploymentPostprocessing = 0;
		};
/* End PBXSourcesBuildPhase section */

/* Begin PBXTargetDependency section */
		CE7C70822BC8C6D800B3C0C2 /* PBXTargetDependency */ = {
			isa = PBXTargetDependency;
			target = CEB03E8A2BC8B647009F2082 /* Asahi Restart Helper */;
			targetProxy = CE7C70812BC8C6D800B3C0C2 /* PBXContainerItemProxy */;
		};
		CE7C708F2BC8C6FE00B3C0C2 /* PBXTargetDependency */ = {
			isa = PBXTargetDependency;
			target = CEB03E8A2BC8B647009F2082 /* Asahi Restart Helper */;
			targetProxy = CE7C708E2BC8C6FE00B3C0C2 /* PBXContainerItemProxy */;
		};
/* End PBXTargetDependency section */

/* Begin XCBuildConfiguration section */
		CE7C70842BC8C6D800B3C0C2 /* Debug */ = {
			isa = XCBuildConfiguration;
			buildSettings = {
				CODE_SIGN_STYLE = Automatic;
				CURRENT_PROJECT_VERSION = 1;
				GENERATE_INFOPLIST_FILE = YES;
				MACOSX_DEPLOYMENT_TARGET = 12.3;
				MARKETING_VERSION = 1.0;
				PRODUCT_BUNDLE_IDENTIFIER = org.example.UITests;
				PRODUCT_NAME = "$(TARGET_NAME)";
				SWIFT_EMIT_LOC_STRINGS = NO;
				SWIFT_VERSION = 5.0;
				TEST_TARGET_NAME = "Asahi Restart Helper";
			};
			name = Debug;
		};
		CE7C70852BC8C6D800B3C0C2 /* Release */ = {
			isa = XCBuildConfiguration;
			buildSettings = {
				CODE_SIGN_STYLE = Automatic;
				CURRENT_PROJECT_VERSION = 1;
				GENERATE_INFOPLIST_FILE = YES;
				MACOSX_DEPLOYMENT_TARGET = 12.3;
				MARKETING_VERSION = 1.0;
				PRODUCT_BUNDLE_IDENTIFIER = org.example.UITests;
				PRODUCT_NAME = "$(TARGET_NAME)";
				SWIFT_EMIT_LOC_STRINGS = NO;
				SWIFT_VERSION = 5.0;
				TEST_TARGET_NAME = "Asahi Restart Helper";
			};
			name = Release;
		};
		CE7C70912BC8C6FE00B3C0C2 /* Debug */ = {
			isa = XCBuildConfiguration;
			buildSettings = {
				BUNDLE_LOADER = "$(TEST_HOST)";
				CODE_SIGN_STYLE = Automatic;
				CURRENT_PROJECT_VERSION = 1;
				GENERATE_INFOPLIST_FILE = YES;
				MACOSX_DEPLOYMENT_TARGET = 12.3;
				MARKETING_VERSION = 1.0;
				PRODUCT_BUNDLE_IDENTIFIER = org.example.UnitTests;
				PRODUCT_NAME = "$(TARGET_NAME)";
				SWIFT_EMIT_LOC_STRINGS = NO;
				SWIFT_VERSION = 5.0;
				TEST_HOST = "$(BUILT_PRODUCTS_DIR)/Asahi Restart Helper.app/$(BUNDLE_EXECUTABLE_FOLDER_PATH)/Asahi Restart Helper";
			};
			name = Debug;
		};
		CE7C70922BC8C6FE00B3C0C2 /* Release */ = {
			isa = XCBuildConfiguration;
			buildSettings = {
				BUNDLE_LOADER = "$(TEST_HOST)";
				CODE_SIGN_STYLE = Automatic;
				CURRENT_PROJECT_VERSION = 1;
				GENERATE_INFOPLIST_FILE = YES;
				MACOSX_DEPLOYMENT_TARGET = 12.3;
				MARKETING_VERSION = 1.0;
				PRODUCT_BUNDLE_IDENTIFIER = org.example.UnitTests;
				PRODUCT_NAME = "$(TARGET_NAME)";
				SWIFT_EMIT_LOC_STRINGS = NO;
				SWIFT_VERSION = 5.0;
				TEST_HOST = "$(BUILT_PRODUCTS_DIR)/Asahi Restart Helper.app/$(BUNDLE_EXECUTABLE_FOLDER_PATH)/Asahi Restart Helper";
			};
			name = Release;
		};
		CEB03E982BC8B648009F2082 /* Debug */ = {
			isa = XCBuildConfiguration;
			buildSettings = {
				ALWAYS_SEARCH_USER_PATHS = NO;
				ASSETCATALOG_COMPILER_GENERATE_SWIFT_ASSET_SYMBOL_EXTENSIONS = YES;
				CLANG_ANALYZER_NONNULL = YES;
				CLANG_ANALYZER_NUMBER_OBJECT_CONVERSION = YES_AGGRESSIVE;
				CLANG_CXX_LANGUAGE_STANDARD = "gnu++20";
				CLANG_ENABLE_MODULES = YES;
				CLANG_ENABLE_OBJC_ARC = YES;
				CLANG_ENABLE_OBJC_WEAK = YES;
				CLANG_WARN_BLOCK_CAPTURE_AUTORELEASING = YES;
				CLANG_WARN_BOOL_CONVERSION = YES;
				CLANG_WARN_COMMA = YES;
				CLANG_WARN_CONSTANT_CONVERSION = YES;
				CLANG_WARN_DEPRECATED_OBJC_IMPLEMENTATIONS = YES;
				CLANG_WARN_DIRECT_OBJC_ISA_USAGE = YES_ERROR;
				CLANG_WARN_DOCUMENTATION_COMMENTS = YES;
				CLANG_WARN_EMPTY_BODY = YES;
				CLANG_WARN_ENUM_CONVERSION = YES;
				CLANG_WARN_INFINITE_RECURSION = YES;
				CLANG_WARN_INT_CONVERSION = YES;
				CLANG_WARN_NON_LITERAL_NULL_CONVERSION = YES;
				CLANG_WARN_OBJC_IMPLICIT_RETAIN_SELF = YES;
				CLANG_WARN_OBJC_LITERAL_CONVERSION = YES;
				CLANG_WARN_OBJC_ROOT_CLASS = YES_ERROR;
				CLANG_WARN_QUOTED_INCLUDE_IN_FRAMEWORK_HEADER = YES;
				CLANG_WARN_RANGE_LOOP_ANALYSIS = YES;
				CLANG_WARN_STRICT_PROTOTYPES = YES;
				CLANG_WARN_SUSPICIOUS_MOVE = YES;
				CLANG_WARN_UNGUARDED_AVAILABILITY = YES_AGGRESSIVE;
				CLANG_WARN_UNREACHABLE_CODE = YES;
				CLANG_WARN__DUPLICATE_METHOD_MATCH = YES;
				COPY_PHASE_STRIP = NO;
				DEBUG_INFORMATION_FORMAT = dwarf;
				ENABLE_STRICT_OBJC_MSGSEND = YES;
				ENABLE_TESTABILITY = YES;
				ENABLE_USER_SCRIPT_SANDBOXING = YES;
				GCC_C_LANGUAGE_STANDARD = gnu17;
				GCC_DYNAMIC_NO_PIC = NO;
				GCC_NO_COMMON_BLOCKS = YES;
				GCC_OPTIMIZATION_LEVEL = 0;
				GCC_PREPROCESSOR_DEFINITIONS = (
					"DEBUG=1",
					"$(inherited)",
				);
				GCC_WARN_64_TO_32_BIT_CONVERSION = YES;
				GCC_WARN_ABOUT_RETURN_TYPE = YES_ERROR;
				GCC_WARN_UNDECLARED_SELECTOR = YES;
				GCC_WARN_UNINITIALIZED_AUTOS = YES_AGGRESSIVE;
				GCC_WARN_UNUSED_FUNCTION = YES;
				GCC_WARN_UNUSED_VARIABLE = YES;
				LOCALIZATION_PREFERS_STRING_CATALOGS = YES;
				MACOSX_DEPLOYMENT_TARGET = 12.3;
				MTL_ENABLE_DEBUG_INFO = INCLUDE_SOURCE;
				MTL_FAST_MATH = YES;
				ONLY_ACTIVE_ARCH = YES;
				SDKROOT = macosx;
				SWIFT_ACTIVE_COMPILATION_CONDITIONS = "DEBUG $(inherited)";
				SWIFT_OPTIMIZATION_LEVEL = "-Onone";
			};
			name = Debug;
		};
		CEB03E992BC8B648009F2082 /* Release */ = {
			isa = XCBuildConfiguration;
			buildSettings = {
				ALWAYS_SEARCH_USER_PATHS = NO;
				ASSETCATALOG_COMPILER_GENERATE_SWIFT_ASSET_SYMBOL_EXTENSIONS = YES;
				CLANG_ANALYZER_NONNULL = YES;
				CLANG_ANALYZER_NUMBER_OBJECT_CONVERSION = YES_AGGRESSIVE;
				CLANG_CXX_LANGUAGE_STANDARD = "gnu++20";
				CLANG_ENABLE_MODULES = YES;
				CLANG_ENABLE_OBJC_ARC = YES;
				CLANG_ENABLE_OBJC_WEAK = YES;
				CLANG_WARN_BLOCK_CAPTURE_AUTORELEASING = YES;
				CLANG_WARN_BOOL_CONVERSION = YES;
				CLANG_WARN_COMMA = YES;
				CLANG_WARN_CONSTANT_CONVERSION = YES;
				CLANG_WARN_DEPRECATED_OBJC_IMPLEMENTATIONS = YES;
				CLANG_WARN_DIRECT_OBJC_ISA_USAGE = YES_ERROR;
				CLANG_WARN_DOCUMENTATION_COMMENTS = YES;
				CLANG_WARN_EMPTY_BODY = YES;
				CLANG_WARN_ENUM_CONVERSION = YES;
				CLANG_WARN_INFINITE_RECURSION = YES;
				CLANG_WARN_INT_CONVERSION = YES;
				CLANG_WARN_NON_LITERAL_NULL_CONVERSION = YES;
				CLANG_WARN_OBJC_IMPLICIT_RETAIN_SELF = YES;
				CLANG_WARN_OBJC_LITERAL_CONVERSION = YES;
				CLANG_WARN_OBJC_ROOT_CLASS = YES_ERROR;
				CLANG_WARN_QUOTED_INCLUDE_IN_FRAMEWORK_HEADER = YES;
				CLANG_WARN_RANGE_LOOP_ANALYSIS = YES;
				CLANG_WARN_STRICT_PROTOTYPES = YES;
				CLANG_WARN_SUSPICIOUS_MOVE = YES;
				CLANG_WARN_UNGUARDED_AVAILABILITY = YES_AGGRESSIVE;
				CLANG_WARN_UNREACHABLE_CODE = YES;
				CLANG_WARN__DUPLICATE_METHOD_MATCH = YES;
				COPY_PHASE_STRIP = NO;
				DEBUG_INFORMATION_FORMAT = "dwarf-with-dsym";
				ENABLE_NS_ASSERTIONS = NO;
				ENABLE_STRICT_OBJC_MSGSEND = YES;
				ENABLE_USER_SCRIPT_SANDBOXING = YES;
				GCC_C_LANGUAGE_STANDARD = gnu17;
				GCC_NO_COMMON_BLOCKS = YES;
				GCC_WARN_64_TO_32_BIT_CONVERSION = YES;
				GCC_WARN_ABOUT_RETURN_TYPE = YES_ERROR;
				GCC_WARN_UNDECLARED_SELECTOR = YES;
				GCC_WARN_UNINITIALIZED_AUTOS = YES_AGGRESSIVE;
				GCC_WARN_UNUSED_FUNCTION = YES;
				GCC_WARN_UNUSED_VARIABLE = YES;
				LOCALIZATION_PREFERS_STRING_CATALOGS = YES;
				MACOSX_DEPLOYMENT_TARGET = 12.3;
				MTL_ENABLE_DEBUG_INFO = NO;
				MTL_FAST_MATH = YES;
				SDKROOT = macosx;
				SWIFT_COMPILATION_MODE = wholemodule;
			};
			name = Release;
		};
		CEB03E9B2BC8B648009F2082 /* Debug */ = {
			isa = XCBuildConfiguration;
			buildSettings = {
				ASSETCATALOG_COMPILER_APPICON_NAME = AppIcon;
				ASSETCATALOG_COMPILER_GLOBAL_ACCENT_COLOR_NAME = AccentColor;
				CODE_SIGN_ENTITLEMENTS = "Asahi Restart Helper/Asahi_Restart_Helper.entitlements";
				CODE_SIGN_STYLE = Automatic;
				COMBINE_HIDPI_IMAGES = YES;
				CURRENT_PROJECT_VERSION = 1;
				DEVELOPMENT_ASSET_PATHS = "\"Asahi Restart Helper/Preview Content\"";
				ENABLE_PREVIEWS = YES;
				GENERATE_INFOPLIST_FILE = YES;
				INFOPLIST_FILE = "Asahi-Restart-Helper-Info.plist";
				INFOPLIST_KEY_LSApplicationCategoryType = "public.app-category.utilities";
				INFOPLIST_KEY_LSUIElement = YES;
				INFOPLIST_KEY_NSHumanReadableCopyright = "";
				LD_RUNPATH_SEARCH_PATHS = (
					"$(inherited)",
					"@executable_path/../Frameworks",
				);
				MACOSX_DEPLOYMENT_TARGET = 12.3;
				MARKETING_VERSION = 0.1;
				PRODUCT_BUNDLE_IDENTIFIER = "org.example.Asahi-Restart-Helper";
				PRODUCT_NAME = "$(TARGET_NAME)";
				SWIFT_EMIT_LOC_STRINGS = YES;
				SWIFT_VERSION = 5.0;
			};
			name = Debug;
		};
		CEB03E9C2BC8B648009F2082 /* Release */ = {
			isa = XCBuildConfiguration;
			buildSettings = {
				ASSETCATALOG_COMPILER_APPICON_NAME = AppIcon;
				ASSETCATALOG_COMPILER_GLOBAL_ACCENT_COLOR_NAME = AccentColor;
				CODE_SIGN_ENTITLEMENTS = "Asahi Restart Helper/Asahi_Restart_Helper.entitlements";
				CODE_SIGN_STYLE = Automatic;
				COMBINE_HIDPI_IMAGES = YES;
				CURRENT_PROJECT_VERSION = 1;
				DEVELOPMENT_ASSET_PATHS = "\"Asahi Restart Helper/Preview Content\"";
				ENABLE_PREVIEWS = YES;
				GENERATE_INFOPLIST_FILE = YES;
				INFOPLIST_FILE = "Asahi-Restart-Helper-Info.plist";
				INFOPLIST_KEY_LSApplicationCategoryType = "public.app-category.utilities";
				INFOPLIST_KEY_LSUIElement = YES;
				INFOPLIST_KEY_NSHumanReadableCopyright = "";
				LD_RUNPATH_SEARCH_PATHS = (
					"$(inherited)",
					"@executable_path/../Frameworks",
				);
				MACOSX_DEPLOYMENT_TARGET = 12.3;
				MARKETING_VERSION = 0.1;
				PRODUCT_BUNDLE_IDENTIFIER = "org.example.Asahi-Restart-Helper";
				PRODUCT_NAME = "$(TARGET_NAME)";
				SWIFT_EMIT_LOC_STRINGS = YES;
				SWIFT_VERSION = 5.0;
			};
			name = Release;
		};
/* End XCBuildConfiguration section */

/* Begin XCConfigurationList section */
		CE7C70832BC8C6D800B3C0C2 /* Build configuration list for PBXNativeTarget "UITests" */ = {
			isa = XCConfigurationList;
			buildConfigurations = (
				CE7C70842BC8C6D800B3C0C2 /* Debug */,
				CE7C70852BC8C6D800B3C0C2 /* Release */,
			);
			defaultConfigurationIsVisible = 0;
			defaultConfigurationName = Release;
		};
		CE7C70902BC8C6FE00B3C0C2 /* Build configuration list for PBXNativeTarget "UnitTests" */ = {
			isa = XCConfigurationList;
			buildConfigurations = (
				CE7C70912BC8C6FE00B3C0C2 /* Debug */,
				CE7C70922BC8C6FE00B3C0C2 /* Release */,
			);
			defaultConfigurationIsVisible = 0;
			defaultConfigurationName = Release;
		};
		CEB03E862BC8B647009F2082 /* Build configuration list for PBXProject "Asahi Restart Helper" */ = {
			isa = XCConfigurationList;
			buildConfigurations = (
				CEB03E982BC8B648009F2082 /* Debug */,
				CEB03E992BC8B648009F2082 /* Release */,
			);
			defaultConfigurationIsVisible = 0;
			defaultConfigurationName = Release;
		};
		CEB03E9A2BC8B648009F2082 /* Build configuration list for PBXNativeTarget "Asahi Restart Helper" */ = {
			isa = XCConfigurationList;
			buildConfigurations = (
				CEB03E9B2BC8B648009F2082 /* Debug */,
				CEB03E9C2BC8B648009F2082 /* Release */,
			);
			defaultConfigurationIsVisible = 0;
			defaultConfigurationName = Release;
		};
/* End XCConfigurationList section */
	};
	rootObject = CEB03E832BC8B647009F2082 /* Project object */;
}
